{
    "_meta": {
        "hash": {
            "sha256": "5951c14f5028aff9e349661812cca3193ffe1fb7ed8f85019ace29cf82c880e0"
        },
        "pipfile-spec": 6,
        "requires": {
            "python_version": "3.7"
        },
        "sources": [
            {
                "name": "pypi",
                "url": "https://pypi.org/simple",
                "verify_ssl": true
            }
        ]
    },
    "default": {
        "sphinxcontrib-yt": {
            "git": "https://github.com/edwardtheharris/sphinxcontrib.youtube.git",
            "ref": "1cad913a29c5820e323617efb9e44be056cb6685"
        }
    },
    "develop": {}
}
